
Microsoft Visual Studio Solution File, Format Version 12.00
# Visual Studio Version 17
VisualStudioVersion = 17.3.32922.545
MinimumVisualStudioVersion = 10.0.40219.1
Project("{FAE04EC0-301F-11D3-BF4B-00C04F79EFBC}") = "HW090223", "HW090223\HW090223.csproj", "{F7C470A6-CC7C-4DE6-A693-D8C7A1F0175E}"
EndProject
Global
	GlobalSection(SolutionConfigurationPlatforms) = preSolution
		Debug|Any CPU = Debug|Any CPU
		Release|Any CPU = Release|Any CPU
	EndGlobalSection
	GlobalSection(ProjectConfigurationPlatforms) = postSolution
		{F7C470A6-CC7C-4DE6-A693-D8C7A1F0175E}.Debug|Any CPU.ActiveCfg = Debug|Any CPU
		{F7C470A6-CC7C-4DE6-A693-D8C7A1F0175E}.Debug|Any CPU.Build.0 = Debug|Any CPU
		{F7C470A6-CC7C-4DE6-A693-D8C7A1F0175E}.Release|Any CPU.ActiveCfg = Release|Any CPU
		{F7C470A6-CC7C-4DE6-A693-D8C7A1F0175E}.Release|Any CPU.Build.0 = Release|Any CPU
	EndGlobalSection
	GlobalSection(SolutionProperties) = preSolution
		HideSolutionNode = FALSE
	EndGlobalSection
	GlobalSection(ExtensibilityGlobals) = postSolution
		SolutionGuid = {49A1B703-00F7-4A22-B031-37A67F52C25C}
	EndGlobalSection
EndGlobal
